
Microsoft Visual Studio Solution File, Format Version 12.00
# Visual Studio 15
VisualStudioVersion = 15.0.28307.1738
MinimumVisualStudioVersion = 10.0.40219.1
Project("{FAE04EC0-301F-11D3-BF4B-00C04F79EFBC}") = "qrkodluyoklama", "WindowsFormsApp2\qrkodluyoklama.csproj", "{403A4EFE-270A-4A0A-B49D-361440F075A8}"
EndProject
Project("{FAE04EC0-301F-11D3-BF4B-00C04F79EFBC}") = "UnitTestProject1", "UnitTestProject1\UnitTestProject1.csproj", "{F666C346-3E05-48D8-A1A8-92F10593FEAA}"
EndProject
Global
	GlobalSection(SolutionConfigurationPlatforms) = preSolution
		Debug|Any CPU = Debug|Any CPU
		Release|Any CPU = Release|Any CPU
	EndGlobalSection
	GlobalSection(ProjectConfigurationPlatforms) = postSolution
		{403A4EFE-270A-4A0A-B49D-361440F075A8}.Debug|Any CPU.ActiveCfg = Debug|Any CPU
		{403A4EFE-270A-4A0A-B49D-361440F075A8}.Debug|Any CPU.Build.0 = Debug|Any CPU
		{403A4EFE-270A-4A0A-B49D-361440F075A8}.Release|Any CPU.ActiveCfg = Release|Any CPU
		{403A4EFE-270A-4A0A-B49D-361440F075A8}.Release|Any CPU.Build.0 = Release|Any CPU
		{F666C346-3E05-48D8-A1A8-92F10593FEAA}.Debug|Any CPU.ActiveCfg = Debug|Any CPU
		{F666C346-3E05-48D8-A1A8-92F10593FEAA}.Debug|Any CPU.Build.0 = Debug|Any CPU
		{F666C346-3E05-48D8-A1A8-92F10593FEAA}.Release|Any CPU.ActiveCfg = Release|Any CPU
		{F666C346-3E05-48D8-A1A8-92F10593FEAA}.Release|Any CPU.Build.0 = Release|Any CPU
	EndGlobalSection
	GlobalSection(SolutionProperties) = preSolution
		HideSolutionNode = FALSE
	EndGlobalSection
	GlobalSection(ExtensibilityGlobals) = postSolution
		SolutionGuid = {FB99B42B-A369-46FC-8ACA-665D4C9B2FBC}
	EndGlobalSection
EndGlobal
